// !$*UTF8*$!
{
	archiveVersion = 1;
	classes = {
	};
	objectVersion = 77;
	objects = {

/* Begin PBXContainerItemProxy section */
		CE2420E62E0B82CB00E419E6 /* PBXContainerItemProxy */ = {
			isa = PBXContainerItemProxy;
			containerPortal = CE2420D02E0B82CA00E419E6 /* Project object */;
			proxyType = 1;
			remoteGlobalIDString = CE2420D72E0B82CA00E419E6;
			remoteInfo = sock5;
		};
		CE2420F02E0B82CB00E419E6 /* PBXContainerItemProxy */ = {
			isa = PBXContainerItemProxy;
			containerPortal = CE2420D02E0B82CA00E419E6 /* Project object */;
			proxyType = 1;
			remoteGlobalIDString = CE2420D72E0B82CA00E419E6;
			remoteInfo = sock5;
		};
/* End PBXContainerItemProxy section */

/* Begin PBXFileReference section */
		CE2420D82E0B82CA00E419E6 /* sock5.app */ = {isa = PBXFileReference; explicitFileType = wrapper.application; includeInIndex = 0; path = sock5.app; sourceTree = BUILT_PRODUCTS_DIR; };
		CE2420E52E0B82CB00E419E6 /* sock5Tests.xctest */ = {isa = PBXFileReference; explicitFileType = wrapper.cfbundle; includeInIndex = 0; path = sock5Tests.xctest; sourceTree = BUILT_PRODUCTS_DIR; };
		CE2420EF2E0B82CB00E419E6 /* sock5UITests.xctest */ = {isa = PBXFileReference; explicitFileType = wrapper.cfbundle; includeInIndex = 0; path = sock5UITests.xctest; sourceTree = BUILT_PRODUCTS_DIR; };
/* End PBXFileReference section */

/* Begin PBXFileSystemSynchronizedRootGroup section */
		CE2420DA2E0B82CA00E419E6 /* sock5 */ = {
			isa = PBXFileSystemSynchronizedRootGroup;
			path = sock5;
			sourceTree = "<group>";
		};
		CE2420E82E0B82CB00E419E6 /* sock5Tests */ = {
			isa = PBXFileSystemSynchronizedRootGroup;
			path = sock5Tests;
			sourceTree = "<group>";
		};
		CE2420F22E0B82CB00E419E6 /* sock5UITests */ = {
			isa = PBXFileSystemSynchronizedRootGroup;
			path = sock5UITests;
			sourceTree = "<group>";
		};
		CEA87C4C2E0B96680092060D /* Resources */ = {
			isa = PBXFileSystemSynchronizedRootGroup;
			path = Resources;
			sourceTree = "<group>";
		};
/* End PBXFileSystemSynchronizedRootGroup section */

/* Begin PBXFrameworksBuildPhase section */
		CE2420D52E0B82CA00E419E6 /* Frameworks */ = {
			isa = PBXFrameworksBuildPhase;
			buildActionMask = 2147483647;
			files = (
			);
			runOnlyForDeploymentPostprocessing = 0;
		};
		CE2420E22E0B82CB00E419E6 /* Frameworks */ = {
			isa = PBXFrameworksBuildPhase;
			buildActionMask = 2147483647;
			files = (
			);
			runOnlyForDeploymentPostprocessing = 0;
		};
		CE2420EC2E0B82CB00E419E6 /* Frameworks */ = {
			isa = PBXFrameworksBuildPhase;
			buildActionMask = 2147483647;
			files = (
			);
			runOnlyForDeploymentPostprocessing = 0;
		};
/* End PBXFrameworksBuildPhase section */

/* Begin PBXGroup section */
		CE2420CF2E0B82CA00E419E6 = {
			isa = PBXGroup;
			children = (
				CEA87C4C2E0B96680092060D /* Resources */,
				CE2420DA2E0B82CA00E419E6 /* sock5 */,
				CE2420E82E0B82CB00E419E6 /* sock5Tests */,
				CE2420F22E0B82CB00E419E6 /* sock5UITests */,
				CE2420D92E0B82CA00E419E6 /* Products */,
			);
			sourceTree = "<group>";
		};
		CE2420D92E0B82CA00E419E6 /* Products */ = {
			isa = PBXGroup;
			children = (
				CE2420D82E0B82CA00E419E6 /* sock5.app */,
				CE2420E52E0B82CB00E419E6 /* sock5Tests.xctest */,
				CE2420EF2E0B82CB00E419E6 /* sock5UITests.xctest */,
			);
			name = Products;
			sourceTree = "<group>";
		};
/* End PBXGroup section */

/* Begin PBXNativeTarget section */
		CE2420D72E0B82CA00E419E6 /* sock5 */ = {
			isa = PBXNativeTarget;
			buildConfigurationList = CE2420F92E0B82CB00E419E6 /* Build configuration list for PBXNativeTarget "sock5" */;
			buildPhases = (
				CE2420D42E0B82CA00E419E6 /* Sources */,
				CE2420D52E0B82CA00E419E6 /* Frameworks */,
				CE2420D62E0B82CA00E419E6 /* Resources */,
			);
			buildRules = (
			);
			dependencies = (
			);
			fileSystemSynchronizedGroups = (
				CE2420DA2E0B82CA00E419E6 /* sock5 */,
				CEA87C4C2E0B96680092060D /* Resources */,
			);
			name = sock5;
			packageProductDependencies = (
			);
			productName = sock5;
			productReference = CE2420D82E0B82CA00E419E6 /* sock5.app */;
			productType = "com.apple.product-type.application";
		};
		CE2420E42E0B82CB00E419E6 /* sock5Tests */ = {
			isa = PBXNativeTarget;
			buildConfigurationList = CE2420FC2E0B82CB00E419E6 /* Build configuration list for PBXNativeTarget "sock5Tests" */;
			buildPhases = (
				CE2420E12E0B82CB00E419E6 /* Sources */,
				CE2420E22E0B82CB00E419E6 /* Frameworks */,
				CE2420E32E0B82CB00E419E6 /* Resources */,
			);
			buildRules = (
			);
			dependencies = (
				CE2420E72E0B82CB00E419E6 /* PBXTargetDependency */,
			);
			fileSystemSynchronizedGroups = (
				CE2420E82E0B82CB00E419E6 /* sock5Tests */,
			);
			name = sock5Tests;
			packageProductDependencies = (
			);
			productName = sock5Tests;
			productReference = CE2420E52E0B82CB00E419E6 /* sock5Tests.xctest */;
			productType = "com.apple.product-type.bundle.unit-test";
		};
		CE2420EE2E0B82CB00E419E6 /* sock5UITests */ = {
			isa = PBXNativeTarget;
			buildConfigurationList = CE2420FF2E0B82CB00E419E6 /* Build configuration list for PBXNativeTarget "sock5UITests" */;
			buildPhases = (
				CE2420EB2E0B82CB00E419E6 /* Sources */,
				CE2420EC2E0B82CB00E419E6 /* Frameworks */,
				CE2420ED2E0B82CB00E419E6 /* Resources */,
			);
			buildRules = (
			);
			dependencies = (
				CE2420F12E0B82CB00E419E6 /* PBXTargetDependency */,
			);
			fileSystemSynchronizedGroups = (
				CE2420F22E0B82CB00E419E6 /* sock5UITests */,
			);
			name = sock5UITests;
			packageProductDependencies = (
			);
			productName = sock5UITests;
			productReference = CE2420EF2E0B82CB00E419E6 /* sock5UITests.xctest */;
			productType = "com.apple.product-type.bundle.ui-testing";
		};
/* End PBXNativeTarget section */

/* Begin PBXProject section */
		CE2420D02E0B82CA00E419E6 /* Project object */ = {
			isa = PBXProject;
			attributes = {
				BuildIndependentTargetsInParallel = 1;
				LastSwiftUpdateCheck = 1640;
				LastUpgradeCheck = 1640;
				TargetAttributes = {
					CE2420D72E0B82CA00E419E6 = {
						CreatedOnToolsVersion = 16.4;
					};
					CE2420E42E0B82CB00E419E6 = {
						CreatedOnToolsVersion = 16.4;
						TestTargetID = CE2420D72E0B82CA00E419E6;
					};
					CE2420EE2E0B82CB00E419E6 = {
						CreatedOnToolsVersion = 16.4;
						TestTargetID = CE2420D72E0B82CA00E419E6;
					};
				};
			};
			buildConfigurationList = CE2420D32E0B82CA00E419E6 /* Build configuration list for PBXProject "sock5" */;
			developmentRegion = en;
			hasScannedForEncodings = 0;
			knownRegions = (
				en,
				Base,
			);
			mainGroup = CE2420CF2E0B82CA00E419E6;
			minimizedProjectReferenceProxies = 1;
			preferredProjectObjectVersion = 77;
			productRefGroup = CE2420D92E0B82CA00E419E6 /* Products */;
			projectDirPath = "";
			projectRoot = "";
			targets = (
				CE2420D72E0B82CA00E419E6 /* sock5 */,
				CE2420E42E0B82CB00E419E6 /* sock5Tests */,
				CE2420EE2E0B82CB00E419E6 /* sock5UITests */,
			);
		};
/* End PBXProject section */

/* Begin PBXResourcesBuildPhase section */
		CE2420D62E0B82CA00E419E6 /* Resources */ = {
			isa = PBXResourcesBuildPhase;
			buildActionMask = 2147483647;
			files = (
			);
			runOnlyForDeploymentPostprocessing = 0;
		};
		CE2420E32E0B82CB00E419E6 /* Resources */ = {
			isa = PBXResourcesBuildPhase;
			buildActionMask = 2147483647;
			files = (
			);
			runOnlyForDeploymentPostprocessing = 0;
		};
		CE2420ED2E0B82CB00E419E6 /* Resources */ = {
			isa = PBXResourcesBuildPhase;
			buildActionMask = 2147483647;
			files = (
			);
			runOnlyForDeploymentPostprocessing = 0;
		};
/* End PBXResourcesBuildPhase section */

/* Begin PBXSourcesBuildPhase section */
		CE2420D42E0B82CA00E419E6 /* Sources */ = {
			isa = PBXSourcesBuildPhase;
			buildActionMask = 2147483647;
			files = (
			);
			runOnlyForDeploymentPostprocessing = 0;
		};
		CE2420E12E0B82CB00E419E6 /* Sources */ = {
			isa = PBXSourcesBuildPhase;
			buildActionMask = 2147483647;
			files = (
			);
			runOnlyForDeploymentPostprocessing = 0;
		};
		CE2420EB2E0B82CB00E419E6 /* Sources */ = {
			isa = PBXSourcesBuildPhase;
			buildActionMask = 2147483647;
			files = (
			);
			runOnlyForDeploymentPostprocessing = 0;
		};
/* End PBXSourcesBuildPhase section */

/* Begin PBXTargetDependency section */
		CE2420E72E0B82CB00E419E6 /* PBXTargetDependency */ = {
			isa = PBXTargetDependency;
			target = CE2420D72E0B82CA00E419E6 /* sock5 */;
			targetProxy = CE2420E62E0B82CB00E419E6 /* PBXContainerItemProxy */;
		};
		CE2420F12E0B82CB00E419E6 /* PBXTargetDependency */ = {
			isa = PBXTargetDependency;
			target = CE2420D72E0B82CA00E419E6 /* sock5 */;
			targetProxy = CE2420F02E0B82CB00E419E6 /* PBXContainerItemProxy */;
		};
/* End PBXTargetDependency section */

/* Begin XCBuildConfiguration section */
		CE2420F72E0B82CB00E419E6 /* Debug */ = {
			isa = XCBuildConfiguration;
			buildSettings = {
				ALWAYS_SEARCH_USER_PATHS = NO;
				ASSETCATALOG_COMPILER_GENERATE_SWIFT_ASSET_SYMBOL_EXTENSIONS = YES;
				CLANG_ANALYZER_NONNULL = YES;
				CLANG_ANALYZER_NUMBER_OBJECT_CONVERSION = YES_AGGRESSIVE;
				CLANG_CXX_LANGUAGE_STANDARD = "gnu++20";
				CLANG_ENABLE_MODULES = YES;
				CLANG_ENABLE_OBJC_ARC = YES;
				CLANG_ENABLE_OBJC_WEAK = YES;
				CLANG_WARN_BLOCK_CAPTURE_AUTORELEASING = YES;
				CLANG_WARN_BOOL_CONVERSION = YES;
				CLANG_WARN_COMMA = YES;
				CLANG_WARN_CONSTANT_CONVERSION = YES;
				CLANG_WARN_DEPRECATED_OBJC_IMPLEMENTATIONS = YES;
				CLANG_WARN_DIRECT_OBJC_ISA_USAGE = YES_ERROR;
				CLANG_WARN_DOCUMENTATION_COMMENTS = YES;
				CLANG_WARN_EMPTY_BODY = YES;
				CLANG_WARN_ENUM_CONVERSION = YES;
				CLANG_WARN_INFINITE_RECURSION = YES;
				CLANG_WARN_INT_CONVERSION = YES;
				CLANG_WARN_NON_LITERAL_NULL_CONVERSION = YES;
				CLANG_WARN_OBJC_IMPLICIT_RETAIN_SELF = YES;
				CLANG_WARN_OBJC_LITERAL_CONVERSION = YES;
				CLANG_WARN_OBJC_ROOT_CLASS = YES_ERROR;
				CLANG_WARN_QUOTED_INCLUDE_IN_FRAMEWORK_HEADER = YES;
				CLANG_WARN_RANGE_LOOP_ANALYSIS = YES;
				CLANG_WARN_STRICT_PROTOTYPES = YES;
				CLANG_WARN_SUSPICIOUS_MOVE = YES;
				CLANG_WARN_UNGUARDED_AVAILABILITY = YES_AGGRESSIVE;
				CLANG_WARN_UNREACHABLE_CODE = YES;
				CLANG_WARN__DUPLICATE_METHOD_MATCH = YES;
				COPY_PHASE_STRIP = NO;
				DEBUG_INFORMATION_FORMAT = dwarf;
				ENABLE_STRICT_OBJC_MSGSEND = YES;
				ENABLE_TESTABILITY = YES;
				ENABLE_USER_SCRIPT_SANDBOXING = YES;
				GCC_C_LANGUAGE_STANDARD = gnu17;
				GCC_DYNAMIC_NO_PIC = NO;
				GCC_NO_COMMON_BLOCKS = YES;
				GCC_OPTIMIZATION_LEVEL = 0;
				GCC_PREPROCESSOR_DEFINITIONS = (
					"DEBUG=1",
					"$(inherited)",
				);
				GCC_WARN_64_TO_32_BIT_CONVERSION = YES;
				GCC_WARN_ABOUT_RETURN_TYPE = YES_ERROR;
				GCC_WARN_UNDECLARED_SELECTOR = YES;
				GCC_WARN_UNINITIALIZED_AUTOS = YES_AGGRESSIVE;
				GCC_WARN_UNUSED_FUNCTION = YES;
				GCC_WARN_UNUSED_VARIABLE = YES;
				IPHONEOS_DEPLOYMENT_TARGET = 18.5;
				LOCALIZATION_PREFERS_STRING_CATALOGS = YES;
				MTL_ENABLE_DEBUG_INFO = INCLUDE_SOURCE;
				MTL_FAST_MATH = YES;
				ONLY_ACTIVE_ARCH = YES;
				SDKROOT = iphoneos;
				SWIFT_ACTIVE_COMPILATION_CONDITIONS = "DEBUG $(inherited)";
				SWIFT_OPTIMIZATION_LEVEL = "-Onone";
			};
			name = Debug;
		};
		CE2420F82E0B82CB00E419E6 /* Release */ = {
			isa = XCBuildConfiguration;
			buildSettings = {
				ALWAYS_SEARCH_USER_PATHS = NO;
				ASSETCATALOG_COMPILER_GENERATE_SWIFT_ASSET_SYMBOL_EXTENSIONS = YES;
				CLANG_ANALYZER_NONNULL = YES;
				CLANG_ANALYZER_NUMBER_OBJECT_CONVERSION = YES_AGGRESSIVE;
				CLANG_CXX_LANGUAGE_STANDARD = "gnu++20";
				CLANG_ENABLE_MODULES = YES;
				CLANG_ENABLE_OBJC_ARC = YES;
				CLANG_ENABLE_OBJC_WEAK = YES;
				CLANG_WARN_BLOCK_CAPTURE_AUTORELEASING = YES;
				CLANG_WARN_BOOL_CONVERSION = YES;
				CLANG_WARN_COMMA = YES;
				CLANG_WARN_CONSTANT_CONVERSION = YES;
				CLANG_WARN_DEPRECATED_OBJC_IMPLEMENTATIONS = YES;
				CLANG_WARN_DIRECT_OBJC_ISA_USAGE = YES_ERROR;
				CLANG_WARN_DOCUMENTATION_COMMENTS = YES;
				CLANG_WARN_EMPTY_BODY = YES;
				CLANG_WARN_ENUM_CONVERSION = YES;
				CLANG_WARN_INFINITE_RECURSION = YES;
				CLANG_WARN_INT_CONVERSION = YES;
				CLANG_WARN_NON_LITERAL_NULL_CONVERSION = YES;
				CLANG_WARN_OBJC_IMPLICIT_RETAIN_SELF = YES;
				CLANG_WARN_OBJC_LITERAL_CONVERSION = YES;
				CLANG_WARN_OBJC_ROOT_CLASS = YES_ERROR;
				CLANG_WARN_QUOTED_INCLUDE_IN_FRAMEWORK_HEADER = YES;
				CLANG_WARN_RANGE_LOOP_ANALYSIS = YES;
				CLANG_WARN_STRICT_PROTOTYPES = YES;
				CLANG_WARN_SUSPICIOUS_MOVE = YES;
				CLANG_WARN_UNGUARDED_AVAILABILITY = YES_AGGRESSIVE;
				CLANG_WARN_UNREACHABLE_CODE = YES;
				CLANG_WARN__DUPLICATE_METHOD_MATCH = YES;
				COPY_PHASE_STRIP = NO;
				DEBUG_INFORMATION_FORMAT = "dwarf-with-dsym";
				ENABLE_NS_ASSERTIONS = NO;
				ENABLE_STRICT_OBJC_MSGSEND = YES;
				ENABLE_USER_SCRIPT_SANDBOXING = YES;
				GCC_C_LANGUAGE_STANDARD = gnu17;
				GCC_NO_COMMON_BLOCKS = YES;
				GCC_WARN_64_TO_32_BIT_CONVERSION = YES;
				GCC_WARN_ABOUT_RETURN_TYPE = YES_ERROR;
				GCC_WARN_UNDECLARED_SELECTOR = YES;
				GCC_WARN_UNINITIALIZED_AUTOS = YES_AGGRESSIVE;
				GCC_WARN_UNUSED_FUNCTION = YES;
				GCC_WARN_UNUSED_VARIABLE = YES;
				IPHONEOS_DEPLOYMENT_TARGET = 18.5;
				LOCALIZATION_PREFERS_STRING_CATALOGS = YES;
				MTL_ENABLE_DEBUG_INFO = NO;
				MTL_FAST_MATH = YES;
				SDKROOT = iphoneos;
				SWIFT_COMPILATION_MODE = wholemodule;
				VALIDATE_PRODUCT = YES;
			};
			name = Release;
		};
		CE2420FA2E0B82CB00E419E6 /* Debug */ = {
			isa = XCBuildConfiguration;
			buildSettings = {
				ASSETCATALOG_COMPILER_APPICON_NAME = AppIcon;
				ASSETCATALOG_COMPILER_GLOBAL_ACCENT_COLOR_NAME = AccentColor;
				CODE_SIGN_STYLE = Automatic;
				CURRENT_PROJECT_VERSION = 1;
				ENABLE_PREVIEWS = YES;
				GENERATE_INFOPLIST_FILE = YES;
				INFOPLIST_KEY_LSApplicationCategoryType = "public.app-category.utilities";
				INFOPLIST_KEY_UIApplicationSceneManifest_Generation = YES;
				INFOPLIST_KEY_UIApplicationSupportsIndirectInputEvents = YES;
				INFOPLIST_KEY_UILaunchScreen_Generation = YES;
				INFOPLIST_KEY_UISupportedInterfaceOrientations_iPad = "UIInterfaceOrientationPortrait UIInterfaceOrientationPortraitUpsideDown UIInterfaceOrientationLandscapeLeft UIInterfaceOrientationLandscapeRight";
				INFOPLIST_KEY_UISupportedInterfaceOrientations_iPhone = "UIInterfaceOrientationPortrait UIInterfaceOrientationLandscapeLeft UIInterfaceOrientationLandscapeRight";
				LD_RUNPATH_SEARCH_PATHS = (
					"$(inherited)",
					"@executable_path/Frameworks",
				);
				MARKETING_VERSION = 1.0;
				PRODUCT_BUNDLE_IDENTIFIER = esctabcapslock.sock5;
				PRODUCT_NAME = "$(TARGET_NAME)";
				SWIFT_EMIT_LOC_STRINGS = YES;
				SWIFT_VERSION = 5.0;
				TARGETED_DEVICE_FAMILY = "1,2";
			};
			name = Debug;
		};
		CE2420FB2E0B82CB00E419E6 /* Release */ = {
			isa = XCBuildConfiguration;
			buildSettings = {
				ASSETCATALOG_COMPILER_APPICON_NAME = AppIcon;
				ASSETCATALOG_COMPILER_GLOBAL_ACCENT_COLOR_NAME = AccentColor;
				CODE_SIGN_STYLE = Automatic;
				CURRENT_PROJECT_VERSION = 1;
				ENABLE_PREVIEWS = YES;
				GENERATE_INFOPLIST_FILE = YES;
				INFOPLIST_KEY_LSApplicationCategoryType = "public.app-category.utilities";
				INFOPLIST_KEY_UIApplicationSceneManifest_Generation = YES;
				INFOPLIST_KEY_UIApplicationSupportsIndirectInputEvents = YES;
				INFOPLIST_KEY_UILaunchScreen_Generation = YES;
				INFOPLIST_KEY_UISupportedInterfaceOrientations_iPad = "UIInterfaceOrientationPortrait UIInterfaceOrientationPortraitUpsideDown UIInterfaceOrientationLandscapeLeft UIInterfaceOrientationLandscapeRight";
				INFOPLIST_KEY_UISupportedInterfaceOrientations_iPhone = "UIInterfaceOrientationPortrait UIInterfaceOrientationLandscapeLeft UIInterfaceOrientationLandscapeRight";
				LD_RUNPATH_SEARCH_PATHS = (
					"$(inherited)",
					"@executable_path/Frameworks",
				);
				MARKETING_VERSION = 1.0;
				PRODUCT_BUNDLE_IDENTIFIER = esctabcapslock.sock5;
				PRODUCT_NAME = "$(TARGET_NAME)";
				SWIFT_EMIT_LOC_STRINGS = YES;
				SWIFT_VERSION = 5.0;
				TARGETED_DEVICE_FAMILY = "1,2";
			};
			name = Release;
		};
		CE2420FD2E0B82CB00E419E6 /* Debug */ = {
			isa = XCBuildConfiguration;
			buildSettings = {
				BUNDLE_LOADER = "$(TEST_HOST)";
				CODE_SIGN_STYLE = Automatic;
				CURRENT_PROJECT_VERSION = 1;
				GENERATE_INFOPLIST_FILE = YES;
				IPHONEOS_DEPLOYMENT_TARGET = 18.5;
				MARKETING_VERSION = 1.0;
				PRODUCT_BUNDLE_IDENTIFIER = esctabcapslock.sock5Tests;
				PRODUCT_NAME = "$(TARGET_NAME)";
				SWIFT_EMIT_LOC_STRINGS = NO;
				SWIFT_VERSION = 5.0;
				TARGETED_DEVICE_FAMILY = "1,2";
				TEST_HOST = "$(BUILT_PRODUCTS_DIR)/sock5.app/$(BUNDLE_EXECUTABLE_FOLDER_PATH)/sock5";
			};
			name = Debug;
		};
		CE2420FE2E0B82CB00E419E6 /* Release */ = {
			isa = XCBuildConfiguration;
			buildSettings = {
				BUNDLE_LOADER = "$(TEST_HOST)";
				CODE_SIGN_STYLE = Automatic;
				CURRENT_PROJECT_VERSION = 1;
				GENERATE_INFOPLIST_FILE = YES;
				IPHONEOS_DEPLOYMENT_TARGET = 18.5;
				MARKETING_VERSION = 1.0;
				PRODUCT_BUNDLE_IDENTIFIER = esctabcapslock.sock5Tests;
				PRODUCT_NAME = "$(TARGET_NAME)";
				SWIFT_EMIT_LOC_STRINGS = NO;
				SWIFT_VERSION = 5.0;
				TARGETED_DEVICE_FAMILY = "1,2";
				TEST_HOST = "$(BUILT_PRODUCTS_DIR)/sock5.app/$(BUNDLE_EXECUTABLE_FOLDER_PATH)/sock5";
			};
			name = Release;
		};
		CE2421002E0B82CB00E419E6 /* Debug */ = {
			isa = XCBuildConfiguration;
			buildSettings = {
				CODE_SIGN_STYLE = Automatic;
				CURRENT_PROJECT_VERSION = 1;
				GENERATE_INFOPLIST_FILE = YES;
				MARKETING_VERSION = 1.0;
				PRODUCT_BUNDLE_IDENTIFIER = esctabcapslock.sock5UITests;
				PRODUCT_NAME = "$(TARGET_NAME)";
				SWIFT_EMIT_LOC_STRINGS = NO;
				SWIFT_VERSION = 5.0;
				TARGETED_DEVICE_FAMILY = "1,2";
				TEST_TARGET_NAME = sock5;
			};
			name = Debug;
		};
		CE2421012E0B82CB00E419E6 /* Release */ = {
			isa = XCBuildConfiguration;
			buildSettings = {
				CODE_SIGN_STYLE = Automatic;
				CURRENT_PROJECT_VERSION = 1;
				GENERATE_INFOPLIST_FILE = YES;
				MARKETING_VERSION = 1.0;
				PRODUCT_BUNDLE_IDENTIFIER = esctabcapslock.sock5UITests;
				PRODUCT_NAME = "$(TARGET_NAME)";
				SWIFT_EMIT_LOC_STRINGS = NO;
				SWIFT_VERSION = 5.0;
				TARGETED_DEVICE_FAMILY = "1,2";
				TEST_TARGET_NAME = sock5;
			};
			name = Release;
		};
/* End XCBuildConfiguration section */

/* Begin XCConfigurationList section */
		CE2420D32E0B82CA00E419E6 /* Build configuration list for PBXProject "sock5" */ = {
			isa = XCConfigurationList;
			buildConfigurations = (
				CE2420F72E0B82CB00E419E6 /* Debug */,
				CE2420F82E0B82CB00E419E6 /* Release */,
			);
			defaultConfigurationIsVisible = 0;
			defaultConfigurationName = Release;
		};
		CE2420F92E0B82CB00E419E6 /* Build configuration list for PBXNativeTarget "sock5" */ = {
			isa = XCConfigurationList;
			buildConfigurations = (
				CE2420FA2E0B82CB00E419E6 /* Debug */,
				CE2420FB2E0B82CB00E419E6 /* Release */,
			);
			defaultConfigurationIsVisible = 0;
			defaultConfigurationName = Release;
		};
		CE2420FC2E0B82CB00E419E6 /* Build configuration list for PBXNativeTarget "sock5Tests" */ = {
			isa = XCConfigurationList;
			buildConfigurations = (
				CE2420FD2E0B82CB00E419E6 /* Debug */,
				CE2420FE2E0B82CB00E419E6 /* Release */,
			);
			defaultConfigurationIsVisible = 0;
			defaultConfigurationName = Release;
		};
		CE2420FF2E0B82CB00E419E6 /* Build configuration list for PBXNativeTarget "sock5UITests" */ = {
			isa = XCConfigurationList;
			buildConfigurations = (
				CE2421002E0B82CB00E419E6 /* Debug */,
				CE2421012E0B82CB00E419E6 /* Release */,
			);
			defaultConfigurationIsVisible = 0;
			defaultConfigurationName = Release;
		};
/* End XCConfigurationList section */
	};
	rootObject = CE2420D02E0B82CA00E419E6 /* Project object */;
}
